# Code generated by scarb DO NOT EDIT.
version = 1

[[package]]
name = "dojo"
version = "0.3.13"
source = "git+https://github.com/dojoengine/dojo#09115ef0c6fe82ac34dedc1dfbefb6623df88f60"
dependencies = [
 "dojo_plugin",
]

[[package]]
name = "dojo_plugin"
version = "0.3.11"
source = "git+https://github.com/dojoengine/dojo?tag=v0.3.11#1e651b5d4d3b79b14a7d8aa29a92062fcb9e6659"

[[package]]
name = "tictactoe"
version = "0.3.10"
dependencies = [
 "dojo",
]
